
Microsoft Visual Studio Solution File, Format Version 11.00
# Visual Studio 2010
Project("{FAE04EC0-301F-11D3-BF4B-00C04F79EFBC}") = "KPFF.Data", "KPFF.Data\KPFF.Data.csproj", "{9004B445-B579-423A-B136-9CFDD5CA81F4}"
EndProject
Project("{FAE04EC0-301F-11D3-BF4B-00C04F79EFBC}") = "KPFF.Web", "KPFF.Web\KPFF.Web.csproj", "{66E3CFD6-35BE-4129-A6B1-1B016F52E401}"
EndProject
Project("{FAE04EC0-301F-11D3-BF4B-00C04F79EFBC}") = "KPFF.Business", "KPFF.Business\KPFF.Business.csproj", "{E006B260-998D-421E-9321-D424C350F1E3}"
EndProject
Project("{FAE04EC0-301F-11D3-BF4B-00C04F79EFBC}") = "KPFF.Entities", "KPFF.Entities\KPFF.Entities.csproj", "{57D88CC2-7513-4FBD-A4B2-A26B246B9C91}"
EndProject
Project("{FAE04EC0-301F-11D3-BF4B-00C04F79EFBC}") = "KPFF.Test", "KPFF.Test\KPFF.Test.csproj", "{721FCD30-6889-49A4-8FCA-69E87204F95B}"
EndProject
Project("{2150E333-8FDC-42A3-9474-1A3956D46DE8}") = "Solution Items", "Solution Items", "{BA7B1263-4DFC-42CB-BD5C-90A8BB9F4F8F}"
	ProjectSection(SolutionItems) = preProject
		KPFF.vsmdi = KPFF.vsmdi
		Local.testsettings = Local.testsettings
		TraceAndTestImpact.testsettings = TraceAndTestImpact.testsettings
	EndProjectSection
EndProject
Project("{FAE04EC0-301F-11D3-BF4B-00C04F79EFBC}") = "KPFF.MVCWeb", "KPFF.MVCWeb\KPFF.MVCWeb.csproj", "{BD9095DC-B66B-40EB-8895-FBFA63310921}"
EndProject
Global
	GlobalSection(TestCaseManagementSettings) = postSolution
		CategoryFile = KPFF.vsmdi
	EndGlobalSection
	GlobalSection(SolutionConfigurationPlatforms) = preSolution
		Debug|Any CPU = Debug|Any CPU
		Release|Any CPU = Release|Any CPU
	EndGlobalSection
	GlobalSection(ProjectConfigurationPlatforms) = postSolution
		{9004B445-B579-423A-B136-9CFDD5CA81F4}.Debug|Any CPU.ActiveCfg = Debug|Any CPU
		{9004B445-B579-423A-B136-9CFDD5CA81F4}.Debug|Any CPU.Build.0 = Debug|Any CPU
		{9004B445-B579-423A-B136-9CFDD5CA81F4}.Release|Any CPU.ActiveCfg = Release|Any CPU
		{9004B445-B579-423A-B136-9CFDD5CA81F4}.Release|Any CPU.Build.0 = Release|Any CPU
		{66E3CFD6-35BE-4129-A6B1-1B016F52E401}.Debug|Any CPU.ActiveCfg = Debug|Any CPU
		{66E3CFD6-35BE-4129-A6B1-1B016F52E401}.Debug|Any CPU.Build.0 = Debug|Any CPU
		{66E3CFD6-35BE-4129-A6B1-1B016F52E401}.Release|Any CPU.ActiveCfg = Release|Any CPU
		{66E3CFD6-35BE-4129-A6B1-1B016F52E401}.Release|Any CPU.Build.0 = Release|Any CPU
		{E006B260-998D-421E-9321-D424C350F1E3}.Debug|Any CPU.ActiveCfg = Debug|Any CPU
		{E006B260-998D-421E-9321-D424C350F1E3}.Debug|Any CPU.Build.0 = Debug|Any CPU
		{E006B260-998D-421E-9321-D424C350F1E3}.Release|Any CPU.ActiveCfg = Release|Any CPU
		{E006B260-998D-421E-9321-D424C350F1E3}.Release|Any CPU.Build.0 = Release|Any CPU
		{57D88CC2-7513-4FBD-A4B2-A26B246B9C91}.Debug|Any CPU.ActiveCfg = Debug|Any CPU
		{57D88CC2-7513-4FBD-A4B2-A26B246B9C91}.Debug|Any CPU.Build.0 = Debug|Any CPU
		{57D88CC2-7513-4FBD-A4B2-A26B246B9C91}.Release|Any CPU.ActiveCfg = Release|Any CPU
		{57D88CC2-7513-4FBD-A4B2-A26B246B9C91}.Release|Any CPU.Build.0 = Release|Any CPU
		{721FCD30-6889-49A4-8FCA-69E87204F95B}.Debug|Any CPU.ActiveCfg = Debug|Any CPU
		{721FCD30-6889-49A4-8FCA-69E87204F95B}.Debug|Any CPU.Build.0 = Debug|Any CPU
		{721FCD30-6889-49A4-8FCA-69E87204F95B}.Release|Any CPU.ActiveCfg = Release|Any CPU
		{721FCD30-6889-49A4-8FCA-69E87204F95B}.Release|Any CPU.Build.0 = Release|Any CPU
		{BD9095DC-B66B-40EB-8895-FBFA63310921}.Debug|Any CPU.ActiveCfg = Debug|Any CPU
		{BD9095DC-B66B-40EB-8895-FBFA63310921}.Debug|Any CPU.Build.0 = Debug|Any CPU
		{BD9095DC-B66B-40EB-8895-FBFA63310921}.Release|Any CPU.ActiveCfg = Release|Any CPU
		{BD9095DC-B66B-40EB-8895-FBFA63310921}.Release|Any CPU.Build.0 = Release|Any CPU
	EndGlobalSection
	GlobalSection(SolutionProperties) = preSolution
		HideSolutionNode = FALSE
	EndGlobalSection
EndGlobal
